PODS:
  - Alamofire (5.0.5)
  - Apollo (0.27.1):
    - Apollo/Core (= 0.27.1)
  - Apollo/Core (0.27.1)
  - AppCenter (3.1.0):
    - AppCenter/Analytics (= 3.1.0)
    - AppCenter/Crashes (= 3.1.0)
  - AppCenter/Analytics (3.1.0):
    - AppCenter/Core
  - AppCenter/Core (3.1.0)
  - AppCenter/Crashes (3.1.0):
    - AppCenter/Core
  - ESPullToRefresh (2.9.2)
  - FTIndicator (1.2.9):
    - FTIndicator/FTNotificationIndicator (= 1.2.9)
    - FTIndicator/FTProgressIndicator (= 1.2.9)
    - FTIndicator/FTToastIndicator (= 1.2.9)
  - FTIndicator/FTNotificationIndicator (1.2.9)
  - FTIndicator/FTProgressIndicator (1.2.9)
  - FTIndicator/FTToastIndicator (1.2.9)
  - IQKeyboardManagerSwift (6.5.5)
  - Mocker (2.1.0)
  - Nuke (8.4.1)
  - Resolver (1.0.7)
  - RxBlocking (5.1.1):
    - RxSwift (~> 5)
  - RxCocoa (5.1.1):
    - RxRelay (~> 5)
    - RxSwift (~> 5)
  - RxRelay (5.1.1):
    - RxSwift (~> 5)
  - RxSwift (5.1.1)
  - RxTest (5.1.1):
    - RxSwift (~> 5)
  - SwiftLint (0.39.2)
  - Swinject (2.7.1)
  - SwinjectAutoregistration (2.7.0):
    - Swinject (~> 2.7)
  - SwinjectStoryboard (2.2.0):
    - Swinject (~> 2.6)

DEPENDENCIES:
  - Alamofire
  - Apollo
  - AppCenter
  - ESPullToRefresh
  - FTIndicator
  - IQKeyboardManagerSwift
  - Mocker
  - Nuke
  - Resolver
  - RxBlocking
  - RxCocoa
  - RxSwift
  - RxTest
  - SwiftLint
  - Swinject
  - SwinjectAutoregistration
  - SwinjectStoryboard

SPEC REPOS:
  https://github.com/CocoaPods/Specs.git:
    - Alamofire
    - Apollo
    - AppCenter
    - ESPullToRefresh
    - FTIndicator
    - IQKeyboardManagerSwift
    - Mocker
    - Nuke
    - Resolver
    - RxBlocking
    - RxCocoa
    - RxRelay
    - RxSwift
    - RxTest
    - SwiftLint
    - Swinject
    - SwinjectAutoregistration
    - SwinjectStoryboard

SPEC CHECKSUMS:
  Alamofire: df2f8f826963b08b9a870791ad48e07a10090b2e
  Apollo: e5c057c155bf28bcfbf928e0d69e3ce643f1a1c6
  AppCenter: a1c30c47b7882a04a615ffa5ab26c007326436d8
  ESPullToRefresh: efed00d52597065e9a84e1e52fa444fdb1a1dee0
  FTIndicator: f7f071fd159e5befa1d040a9ef2e3ab53fa9322c
  IQKeyboardManagerSwift: 0fb93310284665245591f50f7a5e38de615960b7
  Mocker: 55f3d932b93e1568f3cf15bd697348c06fc676ee
  Nuke: d780e3507a86b86c589ab3cc5cd302d5456f06fb
  Resolver: da30396fcabb46790959209430a4a0a9e6e39849
  RxBlocking: 5f700a78cad61ce253ebd37c9a39b5ccc76477b4
  RxCocoa: 32065309a38d29b5b0db858819b5bf9ef038b601
  RxRelay: d77f7d771495f43c556cbc43eebd1bb54d01e8e9
  RxSwift: 81470a2074fa8780320ea5fe4102807cb7118178
  RxTest: 711632d5644dffbeb62c936a521b5b008a1e1faa
  SwiftLint: 22ccbbe3b8008684be5955693bab135e0ed6a447
  Swinject: ddf78b8486dd9b71a667b852cad919ab4484478e
  SwinjectAutoregistration: 330f5012642a8b5c89a8a4adb0c5e52df07382c0
  SwinjectStoryboard: 32512ef16c2b0ff5b8f823b23539c4a50f6d3383

PODFILE CHECKSUM: ccb53ca930b258c96357f2876f9e6c9945510e52

COCOAPODS: 1.8.4
