// !$*UTF8*$!
{
	archiveVersion = 1;
	classes = {
	};
	objectVersion = 51;
	objects = {

/* Begin PBXBuildFile section */
		465D8D671DD9F21522B973B0 /* Pods_MockingProject.framework in Frameworks */ = {isa = PBXBuildFile; fileRef = BCBF3FE0A0DC3D7A0A868972 /* Pods_MockingProject.framework */; };
		84D22D152435EE3000358B5F /* AppDelegate.swift in Sources */ = {isa = PBXBuildFile; fileRef = 84D22D142435EE3000358B5F /* AppDelegate.swift */; };
		84D22D172435EE3000358B5F /* SceneDelegate.swift in Sources */ = {isa = PBXBuildFile; fileRef = 84D22D162435EE3000358B5F /* SceneDelegate.swift */; };
		84D22D1C2435EE3000358B5F /* Main.storyboard in Resources */ = {isa = PBXBuildFile; fileRef = 84D22D1A2435EE3000358B5F /* Main.storyboard */; };
		84D22D1E2435EE3300358B5F /* Assets.xcassets in Resources */ = {isa = PBXBuildFile; fileRef = 84D22D1D2435EE3300358B5F /* Assets.xcassets */; };
		84D22D212435EE3300358B5F /* LaunchScreen.storyboard in Resources */ = {isa = PBXBuildFile; fileRef = 84D22D1F2435EE3300358B5F /* LaunchScreen.storyboard */; };
		84D22D2C2435EE3300358B5F /* MockingProjectTests.swift in Sources */ = {isa = PBXBuildFile; fileRef = 84D22D2B2435EE3300358B5F /* MockingProjectTests.swift */; };
		84D22D522435F2BB00358B5F /* APIManager.swift in Sources */ = {isa = PBXBuildFile; fileRef = 84D22D372435F2BB00358B5F /* APIManager.swift */; };
		84D22D532435F2BB00358B5F /* APIRouter.swift in Sources */ = {isa = PBXBuildFile; fileRef = 84D22D382435F2BB00358B5F /* APIRouter.swift */; };
		84D22D542435F2BB00358B5F /* BaseNetworkManager.swift in Sources */ = {isa = PBXBuildFile; fileRef = 84D22D392435F2BB00358B5F /* BaseNetworkManager.swift */; };
		84D22D622435F2BB00358B5F /* HomeController.swift in Sources */ = {isa = PBXBuildFile; fileRef = 84D22D492435F2BB00358B5F /* HomeController.swift */; };
		84D22D632435F2BB00358B5F /* DetailController.swift in Sources */ = {isa = PBXBuildFile; fileRef = 84D22D4A2435F2BB00358B5F /* DetailController.swift */; };
		84D22D652435F2BB00358B5F /* RecipeCell.swift in Sources */ = {isa = PBXBuildFile; fileRef = 84D22D4D2435F2BB00358B5F /* RecipeCell.swift */; };
		84D22D662435F2BB00358B5F /* RecipeCell.xib in Resources */ = {isa = PBXBuildFile; fileRef = 84D22D4E2435F2BB00358B5F /* RecipeCell.xib */; };
		84D22D672435F2BB00358B5F /* UIViewController+Extensions.swift in Sources */ = {isa = PBXBuildFile; fileRef = 84D22D502435F2BB00358B5F /* UIViewController+Extensions.swift */; };
		84D22D682435F2BB00358B5F /* ThirdPartyExtensions.swift in Sources */ = {isa = PBXBuildFile; fileRef = 84D22D512435F2BB00358B5F /* ThirdPartyExtensions.swift */; };
		84D22D6C243631C300358B5F /* EmployeesResponse.swift in Sources */ = {isa = PBXBuildFile; fileRef = 84D22D69243631C300358B5F /* EmployeesResponse.swift */; };
		84D22D6D243631C300358B5F /* Employee.swift in Sources */ = {isa = PBXBuildFile; fileRef = 84D22D6A243631C300358B5F /* Employee.swift */; };
		84D22D6E243631C300358B5F /* EmployeeResponse.swift in Sources */ = {isa = PBXBuildFile; fileRef = 84D22D6B243631C300358B5F /* EmployeeResponse.swift */; };
/* End PBXBuildFile section */

/* Begin PBXContainerItemProxy section */
		84D22D282435EE3300358B5F /* PBXContainerItemProxy */ = {
			isa = PBXContainerItemProxy;
			containerPortal = 84D22D092435EE3000358B5F /* Project object */;
			proxyType = 1;
			remoteGlobalIDString = 84D22D102435EE3000358B5F;
			remoteInfo = MockingProject;
		};
/* End PBXContainerItemProxy section */

/* Begin PBXFileReference section */
		2B41591D192F8AD1D48A6CEB /* Pods-MockingProject.release.xcconfig */ = {isa = PBXFileReference; includeInIndex = 1; lastKnownFileType = text.xcconfig; name = "Pods-MockingProject.release.xcconfig"; path = "Target Support Files/Pods-MockingProject/Pods-MockingProject.release.xcconfig"; sourceTree = "<group>"; };
		698F6DA916C77F5B41093900 /* Pods-MockingProject.debug.xcconfig */ = {isa = PBXFileReference; includeInIndex = 1; lastKnownFileType = text.xcconfig; name = "Pods-MockingProject.debug.xcconfig"; path = "Target Support Files/Pods-MockingProject/Pods-MockingProject.debug.xcconfig"; sourceTree = "<group>"; };
		84D22D112435EE3000358B5F /* MockingProject.app */ = {isa = PBXFileReference; explicitFileType = wrapper.application; includeInIndex = 0; path = MockingProject.app; sourceTree = BUILT_PRODUCTS_DIR; };
		84D22D142435EE3000358B5F /* AppDelegate.swift */ = {isa = PBXFileReference; lastKnownFileType = sourcecode.swift; path = AppDelegate.swift; sourceTree = "<group>"; };
		84D22D162435EE3000358B5F /* SceneDelegate.swift */ = {isa = PBXFileReference; lastKnownFileType = sourcecode.swift; path = SceneDelegate.swift; sourceTree = "<group>"; };
		84D22D1B2435EE3000358B5F /* Base */ = {isa = PBXFileReference; lastKnownFileType = file.storyboard; name = Base; path = Base.lproj/Main.storyboard; sourceTree = "<group>"; };
		84D22D1D2435EE3300358B5F /* Assets.xcassets */ = {isa = PBXFileReference; lastKnownFileType = folder.assetcatalog; path = Assets.xcassets; sourceTree = "<group>"; };
		84D22D202435EE3300358B5F /* Base */ = {isa = PBXFileReference; lastKnownFileType = file.storyboard; name = Base; path = Base.lproj/LaunchScreen.storyboard; sourceTree = "<group>"; };
		84D22D222435EE3300358B5F /* Info.plist */ = {isa = PBXFileReference; lastKnownFileType = text.plist.xml; path = Info.plist; sourceTree = "<group>"; };
		84D22D272435EE3300358B5F /* MockingProjectTests.xctest */ = {isa = PBXFileReference; explicitFileType = wrapper.cfbundle; includeInIndex = 0; path = MockingProjectTests.xctest; sourceTree = BUILT_PRODUCTS_DIR; };
		84D22D2B2435EE3300358B5F /* MockingProjectTests.swift */ = {isa = PBXFileReference; lastKnownFileType = sourcecode.swift; path = MockingProjectTests.swift; sourceTree = "<group>"; };
		84D22D2D2435EE3300358B5F /* Info.plist */ = {isa = PBXFileReference; lastKnownFileType = text.plist.xml; path = Info.plist; sourceTree = "<group>"; };
		84D22D372435F2BB00358B5F /* APIManager.swift */ = {isa = PBXFileReference; fileEncoding = 4; lastKnownFileType = sourcecode.swift; path = APIManager.swift; sourceTree = "<group>"; };
		84D22D382435F2BB00358B5F /* APIRouter.swift */ = {isa = PBXFileReference; fileEncoding = 4; lastKnownFileType = sourcecode.swift; path = APIRouter.swift; sourceTree = "<group>"; };
		84D22D392435F2BB00358B5F /* BaseNetworkManager.swift */ = {isa = PBXFileReference; fileEncoding = 4; lastKnownFileType = sourcecode.swift; path = BaseNetworkManager.swift; sourceTree = "<group>"; };
		84D22D492435F2BB00358B5F /* HomeController.swift */ = {isa = PBXFileReference; fileEncoding = 4; lastKnownFileType = sourcecode.swift; path = HomeController.swift; sourceTree = "<group>"; };
		84D22D4A2435F2BB00358B5F /* DetailController.swift */ = {isa = PBXFileReference; fileEncoding = 4; lastKnownFileType = sourcecode.swift; path = DetailController.swift; sourceTree = "<group>"; };
		84D22D4D2435F2BB00358B5F /* RecipeCell.swift */ = {isa = PBXFileReference; fileEncoding = 4; lastKnownFileType = sourcecode.swift; path = RecipeCell.swift; sourceTree = "<group>"; };
		84D22D4E2435F2BB00358B5F /* RecipeCell.xib */ = {isa = PBXFileReference; fileEncoding = 4; lastKnownFileType = file.xib; path = RecipeCell.xib; sourceTree = "<group>"; };
		84D22D502435F2BB00358B5F /* UIViewController+Extensions.swift */ = {isa = PBXFileReference; fileEncoding = 4; lastKnownFileType = sourcecode.swift; path = "UIViewController+Extensions.swift"; sourceTree = "<group>"; };
		84D22D512435F2BB00358B5F /* ThirdPartyExtensions.swift */ = {isa = PBXFileReference; fileEncoding = 4; lastKnownFileType = sourcecode.swift; path = ThirdPartyExtensions.swift; sourceTree = "<group>"; };
		84D22D69243631C300358B5F /* EmployeesResponse.swift */ = {isa = PBXFileReference; fileEncoding = 4; lastKnownFileType = sourcecode.swift; path = EmployeesResponse.swift; sourceTree = "<group>"; };
		84D22D6A243631C300358B5F /* Employee.swift */ = {isa = PBXFileReference; fileEncoding = 4; lastKnownFileType = sourcecode.swift; path = Employee.swift; sourceTree = "<group>"; };
		84D22D6B243631C300358B5F /* EmployeeResponse.swift */ = {isa = PBXFileReference; fileEncoding = 4; lastKnownFileType = sourcecode.swift; path = EmployeeResponse.swift; sourceTree = "<group>"; };
		BCBF3FE0A0DC3D7A0A868972 /* Pods_MockingProject.framework */ = {isa = PBXFileReference; explicitFileType = wrapper.framework; includeInIndex = 0; path = Pods_MockingProject.framework; sourceTree = BUILT_PRODUCTS_DIR; };
/* End PBXFileReference section */

/* Begin PBXFrameworksBuildPhase section */
		84D22D0E2435EE3000358B5F /* Frameworks */ = {
			isa = PBXFrameworksBuildPhase;
			buildActionMask = 2147483647;
			files = (
				465D8D671DD9F21522B973B0 /* Pods_MockingProject.framework in Frameworks */,
			);
			runOnlyForDeploymentPostprocessing = 0;
		};
		84D22D242435EE3300358B5F /* Frameworks */ = {
			isa = PBXFrameworksBuildPhase;
			buildActionMask = 2147483647;
			files = (
			);
			runOnlyForDeploymentPostprocessing = 0;
		};
/* End PBXFrameworksBuildPhase section */

/* Begin PBXGroup section */
		0D6B8800D5ABF6FE9008E5F7 /* Pods */ = {
			isa = PBXGroup;
			children = (
				698F6DA916C77F5B41093900 /* Pods-MockingProject.debug.xcconfig */,
				2B41591D192F8AD1D48A6CEB /* Pods-MockingProject.release.xcconfig */,
			);
			path = Pods;
			sourceTree = "<group>";
		};
		84D22D082435EE3000358B5F = {
			isa = PBXGroup;
			children = (
				84D22D132435EE3000358B5F /* MockingProject */,
				84D22D2A2435EE3300358B5F /* MockingProjectTests */,
				84D22D122435EE3000358B5F /* Products */,
				0D6B8800D5ABF6FE9008E5F7 /* Pods */,
				D81070F53B3A8BB76202560D /* Frameworks */,
			);
			sourceTree = "<group>";
		};
		84D22D122435EE3000358B5F /* Products */ = {
			isa = PBXGroup;
			children = (
				84D22D112435EE3000358B5F /* MockingProject.app */,
				84D22D272435EE3300358B5F /* MockingProjectTests.xctest */,
			);
			name = Products;
			sourceTree = "<group>";
		};
		84D22D132435EE3000358B5F /* MockingProject */ = {
			isa = PBXGroup;
			children = (
				84D22D4C2435F2BB00358B5F /* Cells */,
				84D22D482435F2BB00358B5F /* Controllers */,
				84D22D362435F2BB00358B5F /* DataManager */,
				84D22D4F2435F2BB00358B5F /* Extensions */,
				84D22D142435EE3000358B5F /* AppDelegate.swift */,
				84D22D162435EE3000358B5F /* SceneDelegate.swift */,
				84D22D1A2435EE3000358B5F /* Main.storyboard */,
				84D22D1D2435EE3300358B5F /* Assets.xcassets */,
				84D22D1F2435EE3300358B5F /* LaunchScreen.storyboard */,
				84D22D222435EE3300358B5F /* Info.plist */,
			);
			path = MockingProject;
			sourceTree = "<group>";
		};
		84D22D2A2435EE3300358B5F /* MockingProjectTests */ = {
			isa = PBXGroup;
			children = (
				84D22D2B2435EE3300358B5F /* MockingProjectTests.swift */,
				84D22D2D2435EE3300358B5F /* Info.plist */,
			);
			path = MockingProjectTests;
			sourceTree = "<group>";
		};
		84D22D362435F2BB00358B5F /* DataManager */ = {
			isa = PBXGroup;
			children = (
				84D22D372435F2BB00358B5F /* APIManager.swift */,
				84D22D382435F2BB00358B5F /* APIRouter.swift */,
				84D22D392435F2BB00358B5F /* BaseNetworkManager.swift */,
				84D22D3A2435F2BB00358B5F /* Entities */,
			);
			path = DataManager;
			sourceTree = "<group>";
		};
		84D22D3A2435F2BB00358B5F /* Entities */ = {
			isa = PBXGroup;
			children = (
				84D22D6A243631C300358B5F /* Employee.swift */,
				84D22D6B243631C300358B5F /* EmployeeResponse.swift */,
				84D22D69243631C300358B5F /* EmployeesResponse.swift */,
			);
			path = Entities;
			sourceTree = "<group>";
		};
		84D22D482435F2BB00358B5F /* Controllers */ = {
			isa = PBXGroup;
			children = (
				84D22D492435F2BB00358B5F /* HomeController.swift */,
				84D22D4A2435F2BB00358B5F /* DetailController.swift */,
			);
			path = Controllers;
			sourceTree = "<group>";
		};
		84D22D4C2435F2BB00358B5F /* Cells */ = {
			isa = PBXGroup;
			children = (
				84D22D4D2435F2BB00358B5F /* RecipeCell.swift */,
				84D22D4E2435F2BB00358B5F /* RecipeCell.xib */,
			);
			path = Cells;
			sourceTree = "<group>";
		};
		84D22D4F2435F2BB00358B5F /* Extensions */ = {
			isa = PBXGroup;
			children = (
				84D22D502435F2BB00358B5F /* UIViewController+Extensions.swift */,
				84D22D512435F2BB00358B5F /* ThirdPartyExtensions.swift */,
			);
			path = Extensions;
			sourceTree = "<group>";
		};
		D81070F53B3A8BB76202560D /* Frameworks */ = {
			isa = PBXGroup;
			children = (
				BCBF3FE0A0DC3D7A0A868972 /* Pods_MockingProject.framework */,
			);
			name = Frameworks;
			sourceTree = "<group>";
		};
/* End PBXGroup section */

/* Begin PBXNativeTarget section */
		84D22D102435EE3000358B5F /* MockingProject */ = {
			isa = PBXNativeTarget;
			buildConfigurationList = 84D22D302435EE3300358B5F /* Build configuration list for PBXNativeTarget "MockingProject" */;
			buildPhases = (
				5E1CB1A128EE0377888E8F9D /* [CP] Check Pods Manifest.lock */,
				84D22D0D2435EE3000358B5F /* Sources */,
				84D22D0E2435EE3000358B5F /* Frameworks */,
				84D22D0F2435EE3000358B5F /* Resources */,
				5C80FC80327BA81F29F8C121 /* [CP] Embed Pods Frameworks */,
			);
			buildRules = (
			);
			dependencies = (
			);
			name = MockingProject;
			productName = MockingProject;
			productReference = 84D22D112435EE3000358B5F /* MockingProject.app */;
			productType = "com.apple.product-type.application";
		};
		84D22D262435EE3300358B5F /* MockingProjectTests */ = {
			isa = PBXNativeTarget;
			buildConfigurationList = 84D22D332435EE3300358B5F /* Build configuration list for PBXNativeTarget "MockingProjectTests" */;
			buildPhases = (
				84D22D232435EE3300358B5F /* Sources */,
				84D22D242435EE3300358B5F /* Frameworks */,
				84D22D252435EE3300358B5F /* Resources */,
			);
			buildRules = (
			);
			dependencies = (
				84D22D292435EE3300358B5F /* PBXTargetDependency */,
			);
			name = MockingProjectTests;
			productName = MockingProjectTests;
			productReference = 84D22D272435EE3300358B5F /* MockingProjectTests.xctest */;
			productType = "com.apple.product-type.bundle.unit-test";
		};
/* End PBXNativeTarget section */

/* Begin PBXProject section */
		84D22D092435EE3000358B5F /* Project object */ = {
			isa = PBXProject;
			attributes = {
				LastSwiftUpdateCheck = 1130;
				LastUpgradeCheck = 1130;
				ORGANIZATIONNAME = "Fitzgerald Afful";
				TargetAttributes = {
					84D22D102435EE3000358B5F = {
						CreatedOnToolsVersion = 11.3.1;
					};
					84D22D262435EE3300358B5F = {
						CreatedOnToolsVersion = 11.3.1;
						TestTargetID = 84D22D102435EE3000358B5F;
					};
				};
			};
			buildConfigurationList = 84D22D0C2435EE3000358B5F /* Build configuration list for PBXProject "MockingProject" */;
			compatibilityVersion = "Xcode 9.3";
			developmentRegion = en;
			hasScannedForEncodings = 0;
			knownRegions = (
				en,
				Base,
			);
			mainGroup = 84D22D082435EE3000358B5F;
			productRefGroup = 84D22D122435EE3000358B5F /* Products */;
			projectDirPath = "";
			projectRoot = "";
			targets = (
				84D22D102435EE3000358B5F /* MockingProject */,
				84D22D262435EE3300358B5F /* MockingProjectTests */,
			);
		};
/* End PBXProject section */

/* Begin PBXResourcesBuildPhase section */
		84D22D0F2435EE3000358B5F /* Resources */ = {
			isa = PBXResourcesBuildPhase;
			buildActionMask = 2147483647;
			files = (
				84D22D212435EE3300358B5F /* LaunchScreen.storyboard in Resources */,
				84D22D1E2435EE3300358B5F /* Assets.xcassets in Resources */,
				84D22D1C2435EE3000358B5F /* Main.storyboard in Resources */,
				84D22D662435F2BB00358B5F /* RecipeCell.xib in Resources */,
			);
			runOnlyForDeploymentPostprocessing = 0;
		};
		84D22D252435EE3300358B5F /* Resources */ = {
			isa = PBXResourcesBuildPhase;
			buildActionMask = 2147483647;
			files = (
			);
			runOnlyForDeploymentPostprocessing = 0;
		};
/* End PBXResourcesBuildPhase section */

/* Begin PBXShellScriptBuildPhase section */
		5C80FC80327BA81F29F8C121 /* [CP] Embed Pods Frameworks */ = {
			isa = PBXShellScriptBuildPhase;
			buildActionMask = 2147483647;
			files = (
			);
			inputFileListPaths = (
				"${PODS_ROOT}/Target Support Files/Pods-MockingProject/Pods-MockingProject-frameworks-${CONFIGURATION}-input-files.xcfilelist",
			);
			name = "[CP] Embed Pods Frameworks";
			outputFileListPaths = (
				"${PODS_ROOT}/Target Support Files/Pods-MockingProject/Pods-MockingProject-frameworks-${CONFIGURATION}-output-files.xcfilelist",
			);
			runOnlyForDeploymentPostprocessing = 0;
			shellPath = /bin/sh;
			shellScript = "\"${PODS_ROOT}/Target Support Files/Pods-MockingProject/Pods-MockingProject-frameworks.sh\"\n";
			showEnvVarsInLog = 0;
		};
		5E1CB1A128EE0377888E8F9D /* [CP] Check Pods Manifest.lock */ = {
			isa = PBXShellScriptBuildPhase;
			buildActionMask = 2147483647;
			files = (
			);
			inputFileListPaths = (
			);
			inputPaths = (
				"${PODS_PODFILE_DIR_PATH}/Podfile.lock",
				"${PODS_ROOT}/Manifest.lock",
			);
			name = "[CP] Check Pods Manifest.lock";
			outputFileListPaths = (
			);
			outputPaths = (
				"$(DERIVED_FILE_DIR)/Pods-MockingProject-checkManifestLockResult.txt",
			);
			runOnlyForDeploymentPostprocessing = 0;
			shellPath = /bin/sh;
			shellScript = "diff \"${PODS_PODFILE_DIR_PATH}/Podfile.lock\" \"${PODS_ROOT}/Manifest.lock\" > /dev/null\nif [ $? != 0 ] ; then\n    # print error to STDERR\n    echo \"error: The sandbox is not in sync with the Podfile.lock. Run 'pod install' or update your CocoaPods installation.\" >&2\n    exit 1\nfi\n# This output is used by Xcode 'outputs' to avoid re-running this script phase.\necho \"SUCCESS\" > \"${SCRIPT_OUTPUT_FILE_0}\"\n";
			showEnvVarsInLog = 0;
		};
/* End PBXShellScriptBuildPhase section */

/* Begin PBXSourcesBuildPhase section */
		84D22D0D2435EE3000358B5F /* Sources */ = {
			isa = PBXSourcesBuildPhase;
			buildActionMask = 2147483647;
			files = (
				84D22D522435F2BB00358B5F /* APIManager.swift in Sources */,
				84D22D6D243631C300358B5F /* Employee.swift in Sources */,
				84D22D632435F2BB00358B5F /* DetailController.swift in Sources */,
				84D22D682435F2BB00358B5F /* ThirdPartyExtensions.swift in Sources */,
				84D22D672435F2BB00358B5F /* UIViewController+Extensions.swift in Sources */,
				84D22D6E243631C300358B5F /* EmployeeResponse.swift in Sources */,
				84D22D6C243631C300358B5F /* EmployeesResponse.swift in Sources */,
				84D22D542435F2BB00358B5F /* BaseNetworkManager.swift in Sources */,
				84D22D532435F2BB00358B5F /* APIRouter.swift in Sources */,
				84D22D622435F2BB00358B5F /* HomeController.swift in Sources */,
				84D22D152435EE3000358B5F /* AppDelegate.swift in Sources */,
				84D22D172435EE3000358B5F /* SceneDelegate.swift in Sources */,
				84D22D652435F2BB00358B5F /* RecipeCell.swift in Sources */,
			);
			runOnlyForDeploymentPostprocessing = 0;
		};
		84D22D232435EE3300358B5F /* Sources */ = {
			isa = PBXSourcesBuildPhase;
			buildActionMask = 2147483647;
			files = (
				84D22D2C2435EE3300358B5F /* MockingProjectTests.swift in Sources */,
			);
			runOnlyForDeploymentPostprocessing = 0;
		};
/* End PBXSourcesBuildPhase section */

/* Begin PBXTargetDependency section */
		84D22D292435EE3300358B5F /* PBXTargetDependency */ = {
			isa = PBXTargetDependency;
			target = 84D22D102435EE3000358B5F /* MockingProject */;
			targetProxy = 84D22D282435EE3300358B5F /* PBXContainerItemProxy */;
		};
/* End PBXTargetDependency section */

/* Begin PBXVariantGroup section */
		84D22D1A2435EE3000358B5F /* Main.storyboard */ = {
			isa = PBXVariantGroup;
			children = (
				84D22D1B2435EE3000358B5F /* Base */,
			);
			name = Main.storyboard;
			sourceTree = "<group>";
		};
		84D22D1F2435EE3300358B5F /* LaunchScreen.storyboard */ = {
			isa = PBXVariantGroup;
			children = (
				84D22D202435EE3300358B5F /* Base */,
			);
			name = LaunchScreen.storyboard;
			sourceTree = "<group>";
		};
/* End PBXVariantGroup section */

/* Begin XCBuildConfiguration section */
		84D22D2E2435EE3300358B5F /* Debug */ = {
			isa = XCBuildConfiguration;
			buildSettings = {
				ALWAYS_SEARCH_USER_PATHS = NO;
				CLANG_ANALYZER_NONNULL = YES;
				CLANG_ANALYZER_NUMBER_OBJECT_CONVERSION = YES_AGGRESSIVE;
				CLANG_CXX_LANGUAGE_STANDARD = "gnu++14";
				CLANG_CXX_LIBRARY = "libc++";
				CLANG_ENABLE_MODULES = YES;
				CLANG_ENABLE_OBJC_ARC = YES;
				CLANG_ENABLE_OBJC_WEAK = YES;
				CLANG_WARN_BLOCK_CAPTURE_AUTORELEASING = YES;
				CLANG_WARN_BOOL_CONVERSION = YES;
				CLANG_WARN_COMMA = YES;
				CLANG_WARN_CONSTANT_CONVERSION = YES;
				CLANG_WARN_DEPRECATED_OBJC_IMPLEMENTATIONS = YES;
				CLANG_WARN_DIRECT_OBJC_ISA_USAGE = YES_ERROR;
				CLANG_WARN_DOCUMENTATION_COMMENTS = YES;
				CLANG_WARN_EMPTY_BODY = YES;
				CLANG_WARN_ENUM_CONVERSION = YES;
				CLANG_WARN_INFINITE_RECURSION = YES;
				CLANG_WARN_INT_CONVERSION = YES;
				CLANG_WARN_NON_LITERAL_NULL_CONVERSION = YES;
				CLANG_WARN_OBJC_IMPLICIT_RETAIN_SELF = YES;
				CLANG_WARN_OBJC_LITERAL_CONVERSION = YES;
				CLANG_WARN_OBJC_ROOT_CLASS = YES_ERROR;
				CLANG_WARN_RANGE_LOOP_ANALYSIS = YES;
				CLANG_WARN_STRICT_PROTOTYPES = YES;
				CLANG_WARN_SUSPICIOUS_MOVE = YES;
				CLANG_WARN_UNGUARDED_AVAILABILITY = YES_AGGRESSIVE;
				CLANG_WARN_UNREACHABLE_CODE = YES;
				CLANG_WARN__DUPLICATE_METHOD_MATCH = YES;
				COPY_PHASE_STRIP = NO;
				DEBUG_INFORMATION_FORMAT = dwarf;
				ENABLE_STRICT_OBJC_MSGSEND = YES;
				ENABLE_TESTABILITY = YES;
				GCC_C_LANGUAGE_STANDARD = gnu11;
				GCC_DYNAMIC_NO_PIC = NO;
				GCC_NO_COMMON_BLOCKS = YES;
				GCC_OPTIMIZATION_LEVEL = 0;
				GCC_PREPROCESSOR_DEFINITIONS = (
					"DEBUG=1",
					"$(inherited)",
				);
				GCC_WARN_64_TO_32_BIT_CONVERSION = YES;
				GCC_WARN_ABOUT_RETURN_TYPE = YES_ERROR;
				GCC_WARN_UNDECLARED_SELECTOR = YES;
				GCC_WARN_UNINITIALIZED_AUTOS = YES_AGGRESSIVE;
				GCC_WARN_UNUSED_FUNCTION = YES;
				GCC_WARN_UNUSED_VARIABLE = YES;
				IPHONEOS_DEPLOYMENT_TARGET = 13.2;
				MTL_ENABLE_DEBUG_INFO = INCLUDE_SOURCE;
				MTL_FAST_MATH = YES;
				ONLY_ACTIVE_ARCH = YES;
				SDKROOT = iphoneos;
				SWIFT_ACTIVE_COMPILATION_CONDITIONS = DEBUG;
				SWIFT_OPTIMIZATION_LEVEL = "-Onone";
			};
			name = Debug;
		};
		84D22D2F2435EE3300358B5F /* Release */ = {
			isa = XCBuildConfiguration;
			buildSettings = {
				ALWAYS_SEARCH_USER_PATHS = NO;
				CLANG_ANALYZER_NONNULL = YES;
				CLANG_ANALYZER_NUMBER_OBJECT_CONVERSION = YES_AGGRESSIVE;
				CLANG_CXX_LANGUAGE_STANDARD = "gnu++14";
				CLANG_CXX_LIBRARY = "libc++";
				CLANG_ENABLE_MODULES = YES;
				CLANG_ENABLE_OBJC_ARC = YES;
				CLANG_ENABLE_OBJC_WEAK = YES;
				CLANG_WARN_BLOCK_CAPTURE_AUTORELEASING = YES;
				CLANG_WARN_BOOL_CONVERSION = YES;
				CLANG_WARN_COMMA = YES;
				CLANG_WARN_CONSTANT_CONVERSION = YES;
				CLANG_WARN_DEPRECATED_OBJC_IMPLEMENTATIONS = YES;
				CLANG_WARN_DIRECT_OBJC_ISA_USAGE = YES_ERROR;
				CLANG_WARN_DOCUMENTATION_COMMENTS = YES;
				CLANG_WARN_EMPTY_BODY = YES;
				CLANG_WARN_ENUM_CONVERSION = YES;
				CLANG_WARN_INFINITE_RECURSION = YES;
				CLANG_WARN_INT_CONVERSION = YES;
				CLANG_WARN_NON_LITERAL_NULL_CONVERSION = YES;
				CLANG_WARN_OBJC_IMPLICIT_RETAIN_SELF = YES;
				CLANG_WARN_OBJC_LITERAL_CONVERSION = YES;
				CLANG_WARN_OBJC_ROOT_CLASS = YES_ERROR;
				CLANG_WARN_RANGE_LOOP_ANALYSIS = YES;
				CLANG_WARN_STRICT_PROTOTYPES = YES;
				CLANG_WARN_SUSPICIOUS_MOVE = YES;
				CLANG_WARN_UNGUARDED_AVAILABILITY = YES_AGGRESSIVE;
				CLANG_WARN_UNREACHABLE_CODE = YES;
				CLANG_WARN__DUPLICATE_METHOD_MATCH = YES;
				COPY_PHASE_STRIP = NO;
				DEBUG_INFORMATION_FORMAT = "dwarf-with-dsym";
				ENABLE_NS_ASSERTIONS = NO;
				ENABLE_STRICT_OBJC_MSGSEND = YES;
				GCC_C_LANGUAGE_STANDARD = gnu11;
				GCC_NO_COMMON_BLOCKS = YES;
				GCC_WARN_64_TO_32_BIT_CONVERSION = YES;
				GCC_WARN_ABOUT_RETURN_TYPE = YES_ERROR;
				GCC_WARN_UNDECLARED_SELECTOR = YES;
				GCC_WARN_UNINITIALIZED_AUTOS = YES_AGGRESSIVE;
				GCC_WARN_UNUSED_FUNCTION = YES;
				GCC_WARN_UNUSED_VARIABLE = YES;
				IPHONEOS_DEPLOYMENT_TARGET = 13.2;
				MTL_ENABLE_DEBUG_INFO = NO;
				MTL_FAST_MATH = YES;
				SDKROOT = iphoneos;
				SWIFT_COMPILATION_MODE = wholemodule;
				SWIFT_OPTIMIZATION_LEVEL = "-O";
				VALIDATE_PRODUCT = YES;
			};
			name = Release;
		};
		84D22D312435EE3300358B5F /* Debug */ = {
			isa = XCBuildConfiguration;
			baseConfigurationReference = 698F6DA916C77F5B41093900 /* Pods-MockingProject.debug.xcconfig */;
			buildSettings = {
				ASSETCATALOG_COMPILER_APPICON_NAME = AppIcon;
				CODE_SIGN_STYLE = Automatic;
				DEVELOPMENT_TEAM = 97XB8J435J;
				INFOPLIST_FILE = MockingProject/Info.plist;
				LD_RUNPATH_SEARCH_PATHS = (
					"$(inherited)",
					"@executable_path/Frameworks",
				);
				PRODUCT_BUNDLE_IDENTIFIER = fitzafful.MockingProject;
				PRODUCT_NAME = "$(TARGET_NAME)";
				SWIFT_VERSION = 5.0;
				TARGETED_DEVICE_FAMILY = "1,2";
			};
			name = Debug;
		};
		84D22D322435EE3300358B5F /* Release */ = {
			isa = XCBuildConfiguration;
			baseConfigurationReference = 2B41591D192F8AD1D48A6CEB /* Pods-MockingProject.release.xcconfig */;
			buildSettings = {
				ASSETCATALOG_COMPILER_APPICON_NAME = AppIcon;
				CODE_SIGN_STYLE = Automatic;
				DEVELOPMENT_TEAM = 97XB8J435J;
				INFOPLIST_FILE = MockingProject/Info.plist;
				LD_RUNPATH_SEARCH_PATHS = (
					"$(inherited)",
					"@executable_path/Frameworks",
				);
				PRODUCT_BUNDLE_IDENTIFIER = fitzafful.MockingProject;
				PRODUCT_NAME = "$(TARGET_NAME)";
				SWIFT_VERSION = 5.0;
				TARGETED_DEVICE_FAMILY = "1,2";
			};
			name = Release;
		};
		84D22D342435EE3300358B5F /* Debug */ = {
			isa = XCBuildConfiguration;
			buildSettings = {
				ALWAYS_EMBED_SWIFT_STANDARD_LIBRARIES = YES;
				BUNDLE_LOADER = "$(TEST_HOST)";
				CODE_SIGN_STYLE = Automatic;
				DEVELOPMENT_TEAM = 97XB8J435J;
				INFOPLIST_FILE = MockingProjectTests/Info.plist;
				IPHONEOS_DEPLOYMENT_TARGET = 13.2;
				LD_RUNPATH_SEARCH_PATHS = (
					"$(inherited)",
					"@executable_path/Frameworks",
					"@loader_path/Frameworks",
				);
				PRODUCT_BUNDLE_IDENTIFIER = fitzafful.MockingProjectTests;
				PRODUCT_NAME = "$(TARGET_NAME)";
				SWIFT_VERSION = 5.0;
				TARGETED_DEVICE_FAMILY = "1,2";
				TEST_HOST = "$(BUILT_PRODUCTS_DIR)/MockingProject.app/MockingProject";
			};
			name = Debug;
		};
		84D22D352435EE3300358B5F /* Release */ = {
			isa = XCBuildConfiguration;
			buildSettings = {
				ALWAYS_EMBED_SWIFT_STANDARD_LIBRARIES = YES;
				BUNDLE_LOADER = "$(TEST_HOST)";
				CODE_SIGN_STYLE = Automatic;
				DEVELOPMENT_TEAM = 97XB8J435J;
				INFOPLIST_FILE = MockingProjectTests/Info.plist;
				IPHONEOS_DEPLOYMENT_TARGET = 13.2;
				LD_RUNPATH_SEARCH_PATHS = (
					"$(inherited)",
					"@executable_path/Frameworks",
					"@loader_path/Frameworks",
				);
				PRODUCT_BUNDLE_IDENTIFIER = fitzafful.MockingProjectTests;
				PRODUCT_NAME = "$(TARGET_NAME)";
				SWIFT_VERSION = 5.0;
				TARGETED_DEVICE_FAMILY = "1,2";
				TEST_HOST = "$(BUILT_PRODUCTS_DIR)/MockingProject.app/MockingProject";
			};
			name = Release;
		};
/* End XCBuildConfiguration section */

/* Begin XCConfigurationList section */
		84D22D0C2435EE3000358B5F /* Build configuration list for PBXProject "MockingProject" */ = {
			isa = XCConfigurationList;
			buildConfigurations = (
				84D22D2E2435EE3300358B5F /* Debug */,
				84D22D2F2435EE3300358B5F /* Release */,
			);
			defaultConfigurationIsVisible = 0;
			defaultConfigurationName = Release;
		};
		84D22D302435EE3300358B5F /* Build configuration list for PBXNativeTarget "MockingProject" */ = {
			isa = XCConfigurationList;
			buildConfigurations = (
				84D22D312435EE3300358B5F /* Debug */,
				84D22D322435EE3300358B5F /* Release */,
			);
			defaultConfigurationIsVisible = 0;
			defaultConfigurationName = Release;
		};
		84D22D332435EE3300358B5F /* Build configuration list for PBXNativeTarget "MockingProjectTests" */ = {
			isa = XCConfigurationList;
			buildConfigurations = (
				84D22D342435EE3300358B5F /* Debug */,
				84D22D352435EE3300358B5F /* Release */,
			);
			defaultConfigurationIsVisible = 0;
			defaultConfigurationName = Release;
		};
/* End XCConfigurationList section */
	};
	rootObject = 84D22D092435EE3000358B5F /* Project object */;
}
